
Microsoft Visual Studio Solution File, Format Version 12.00
# Visual Studio Version 16
VisualStudioVersion = 16.0.30907.101
MinimumVisualStudioVersion = 10.0.40219.1
Project("{FAE04EC0-301F-11D3-BF4B-00C04F79EFBC}") = "TestappNew", "TestappNew\TestappNew.csproj", "{3AFE3045-C200-44DB-AABE-2DD4EB47A4D0}"
EndProject
Global
	GlobalSection(SolutionConfigurationPlatforms) = preSolution
		Debug|Any CPU = Debug|Any CPU
		Release|Any CPU = Release|Any CPU
	EndGlobalSection
	GlobalSection(ProjectConfigurationPlatforms) = postSolution
		{3AFE3045-C200-44DB-AABE-2DD4EB47A4D0}.Debug|Any CPU.ActiveCfg = Debug|Any CPU
		{3AFE3045-C200-44DB-AABE-2DD4EB47A4D0}.Debug|Any CPU.Build.0 = Debug|Any CPU
		{3AFE3045-C200-44DB-AABE-2DD4EB47A4D0}.Release|Any CPU.ActiveCfg = Release|Any CPU
		{3AFE3045-C200-44DB-AABE-2DD4EB47A4D0}.Release|Any CPU.Build.0 = Release|Any CPU
	EndGlobalSection
	GlobalSection(SolutionProperties) = preSolution
		HideSolutionNode = FALSE
	EndGlobalSection
	GlobalSection(ExtensibilityGlobals) = postSolution
		SolutionGuid = {350120C3-A395-47B7-B4B4-967D9A69FE81}
	EndGlobalSection
EndGlobal
